// !$*UTF8*$!
{
	archiveVersion = 1;
	classes = {
	};
	objectVersion = 56;
	objects = {

/* Begin PBXBuildFile section */
		0409FE202A530E700080E2A2 /* GradientButtonStyle.swift in Sources */ = {isa = PBXBuildFile; fileRef = 0409FE1F2A530E700080E2A2 /* GradientButtonStyle.swift */; };
		0409FE222A53676E0080E2A2 /* CustomCircleView.swift in Sources */ = {isa = PBXBuildFile; fileRef = 0409FE212A53676E0080E2A2 /* CustomCircleView.swift */; };
		0409FE242A53724F0080E2A2 /* MotionAnimation.swift in Sources */ = {isa = PBXBuildFile; fileRef = 0409FE232A53724F0080E2A2 /* MotionAnimation.swift */; };
		0409FE272A5392960080E2A2 /* SettingsView.swift in Sources */ = {isa = PBXBuildFile; fileRef = 0409FE262A5392960080E2A2 /* SettingsView.swift */; };
		04D166E82A4B45A40060D9EF /* HikeApp.swift in Sources */ = {isa = PBXBuildFile; fileRef = 04D166E72A4B45A40060D9EF /* HikeApp.swift */; };
		04D166EA2A4B45A40060D9EF /* ContentView.swift in Sources */ = {isa = PBXBuildFile; fileRef = 04D166E92A4B45A40060D9EF /* ContentView.swift */; };
		04D166EC2A4B45A50060D9EF /* Assets.xcassets in Resources */ = {isa = PBXBuildFile; fileRef = 04D166EB2A4B45A50060D9EF /* Assets.xcassets */; };
		04D166EF2A4B45A50060D9EF /* Preview Assets.xcassets in Resources */ = {isa = PBXBuildFile; fileRef = 04D166EE2A4B45A50060D9EF /* Preview Assets.xcassets */; };
		04D166F72A4B827B0060D9EF /* CardView.swift in Sources */ = {isa = PBXBuildFile; fileRef = 04D166F62A4B827B0060D9EF /* CardView.swift */; };
		04D166F92A4B85DB0060D9EF /* CustomBackgroundView.swift in Sources */ = {isa = PBXBuildFile; fileRef = 04D166F82A4B85DB0060D9EF /* CustomBackgroundView.swift */; };
		04D166FC2A4B8C810060D9EF /* ColorExtension.swift in Sources */ = {isa = PBXBuildFile; fileRef = 04D166FB2A4B8C810060D9EF /* ColorExtension.swift */; };
		04D166FE2A4B9F530060D9EF /* CustomButtonView.swift in Sources */ = {isa = PBXBuildFile; fileRef = 04D166FD2A4B9F530060D9EF /* CustomButtonView.swift */; };
/* End PBXBuildFile section */

/* Begin PBXFileReference section */
		0409FE1F2A530E700080E2A2 /* GradientButtonStyle.swift */ = {isa = PBXFileReference; lastKnownFileType = sourcecode.swift; path = GradientButtonStyle.swift; sourceTree = "<group>"; };
		0409FE212A53676E0080E2A2 /* CustomCircleView.swift */ = {isa = PBXFileReference; lastKnownFileType = sourcecode.swift; path = CustomCircleView.swift; sourceTree = "<group>"; };
		0409FE232A53724F0080E2A2 /* MotionAnimation.swift */ = {isa = PBXFileReference; lastKnownFileType = sourcecode.swift; path = MotionAnimation.swift; sourceTree = "<group>"; };
		0409FE262A5392960080E2A2 /* SettingsView.swift */ = {isa = PBXFileReference; lastKnownFileType = sourcecode.swift; path = SettingsView.swift; sourceTree = "<group>"; };
		04D166E42A4B45A40060D9EF /* Hike.app */ = {isa = PBXFileReference; explicitFileType = wrapper.application; includeInIndex = 0; path = Hike.app; sourceTree = BUILT_PRODUCTS_DIR; };
		04D166E72A4B45A40060D9EF /* HikeApp.swift */ = {isa = PBXFileReference; lastKnownFileType = sourcecode.swift; path = HikeApp.swift; sourceTree = "<group>"; };
		04D166E92A4B45A40060D9EF /* ContentView.swift */ = {isa = PBXFileReference; lastKnownFileType = sourcecode.swift; path = ContentView.swift; sourceTree = "<group>"; };
		04D166EB2A4B45A50060D9EF /* Assets.xcassets */ = {isa = PBXFileReference; lastKnownFileType = folder.assetcatalog; path = Assets.xcassets; sourceTree = "<group>"; };
		04D166EE2A4B45A50060D9EF /* Preview Assets.xcassets */ = {isa = PBXFileReference; lastKnownFileType = folder.assetcatalog; path = "Preview Assets.xcassets"; sourceTree = "<group>"; };
		04D166F62A4B827B0060D9EF /* CardView.swift */ = {isa = PBXFileReference; lastKnownFileType = sourcecode.swift; path = CardView.swift; sourceTree = "<group>"; };
		04D166F82A4B85DB0060D9EF /* CustomBackgroundView.swift */ = {isa = PBXFileReference; lastKnownFileType = sourcecode.swift; path = CustomBackgroundView.swift; sourceTree = "<group>"; };
		04D166FB2A4B8C810060D9EF /* ColorExtension.swift */ = {isa = PBXFileReference; lastKnownFileType = sourcecode.swift; path = ColorExtension.swift; sourceTree = "<group>"; };
		04D166FD2A4B9F530060D9EF /* CustomButtonView.swift */ = {isa = PBXFileReference; lastKnownFileType = sourcecode.swift; path = CustomButtonView.swift; sourceTree = "<group>"; };
/* End PBXFileReference section */

/* Begin PBXFrameworksBuildPhase section */
		04D166E12A4B45A40060D9EF /* Frameworks */ = {
			isa = PBXFrameworksBuildPhase;
			buildActionMask = 2147483647;
			files = (
			);
			runOnlyForDeploymentPostprocessing = 0;
		};
/* End PBXFrameworksBuildPhase section */

/* Begin PBXGroup section */
		0409FE252A5383560080E2A2 /* Screens */ = {
			isa = PBXGroup;
			children = (
				04D166E92A4B45A40060D9EF /* ContentView.swift */,
				0409FE262A5392960080E2A2 /* SettingsView.swift */,
			);
			name = Screens;
			sourceTree = "<group>";
		};
		04D166DB2A4B45A40060D9EF = {
			isa = PBXGroup;
			children = (
				04D166E62A4B45A40060D9EF /* Hike */,
				04D166E52A4B45A40060D9EF /* Products */,
			);
			sourceTree = "<group>";
		};
		04D166E52A4B45A40060D9EF /* Products */ = {
			isa = PBXGroup;
			children = (
				04D166E42A4B45A40060D9EF /* Hike.app */,
			);
			name = Products;
			sourceTree = "<group>";
		};
		04D166E62A4B45A40060D9EF /* Hike */ = {
			isa = PBXGroup;
			children = (
				04D166FA2A4B8C560060D9EF /* Utilities */,
				04D166F52A4B82670060D9EF /* Component */,
				04D166E72A4B45A40060D9EF /* HikeApp.swift */,
				0409FE252A5383560080E2A2 /* Screens */,
				04D166EB2A4B45A50060D9EF /* Assets.xcassets */,
				04D166ED2A4B45A50060D9EF /* Preview Content */,
			);
			path = Hike;
			sourceTree = "<group>";
		};
		04D166ED2A4B45A50060D9EF /* Preview Content */ = {
			isa = PBXGroup;
			children = (
				04D166EE2A4B45A50060D9EF /* Preview Assets.xcassets */,
			);
			path = "Preview Content";
			sourceTree = "<group>";
		};
		04D166F52A4B82670060D9EF /* Component */ = {
			isa = PBXGroup;
			children = (
				04D166F62A4B827B0060D9EF /* CardView.swift */,
				0409FE212A53676E0080E2A2 /* CustomCircleView.swift */,
				04D166F82A4B85DB0060D9EF /* CustomBackgroundView.swift */,
				04D166FD2A4B9F530060D9EF /* CustomButtonView.swift */,
				0409FE232A53724F0080E2A2 /* MotionAnimation.swift */,
			);
			path = Component;
			sourceTree = "<group>";
		};
		04D166FA2A4B8C560060D9EF /* Utilities */ = {
			isa = PBXGroup;
			children = (
				04D166FB2A4B8C810060D9EF /* ColorExtension.swift */,
				0409FE1F2A530E700080E2A2 /* GradientButtonStyle.swift */,
			);
			path = Utilities;
			sourceTree = "<group>";
		};
/* End PBXGroup section */

/* Begin PBXNativeTarget section */
		04D166E32A4B45A40060D9EF /* Hike */ = {
			isa = PBXNativeTarget;
			buildConfigurationList = 04D166F22A4B45A50060D9EF /* Build configuration list for PBXNativeTarget "Hike" */;
			buildPhases = (
				04D166E02A4B45A40060D9EF /* Sources */,
				04D166E12A4B45A40060D9EF /* Frameworks */,
				04D166E22A4B45A40060D9EF /* Resources */,
			);
			buildRules = (
			);
			dependencies = (
			);
			name = Hike;
			productName = Hike;
			productReference = 04D166E42A4B45A40060D9EF /* Hike.app */;
			productType = "com.apple.product-type.application";
		};
/* End PBXNativeTarget section */

/* Begin PBXProject section */
		04D166DC2A4B45A40060D9EF /* Project object */ = {
			isa = PBXProject;
			attributes = {
				BuildIndependentTargetsInParallel = 1;
				LastSwiftUpdateCheck = 1430;
				LastUpgradeCheck = 1430;
				TargetAttributes = {
					04D166E32A4B45A40060D9EF = {
						CreatedOnToolsVersion = 14.3.1;
					};
				};
			};
			buildConfigurationList = 04D166DF2A4B45A40060D9EF /* Build configuration list for PBXProject "Hike" */;
			compatibilityVersion = "Xcode 14.0";
			developmentRegion = en;
			hasScannedForEncodings = 0;
			knownRegions = (
				en,
				Base,
			);
			mainGroup = 04D166DB2A4B45A40060D9EF;
			productRefGroup = 04D166E52A4B45A40060D9EF /* Products */;
			projectDirPath = "";
			projectRoot = "";
			targets = (
				04D166E32A4B45A40060D9EF /* Hike */,
			);
		};
/* End PBXProject section */

/* Begin PBXResourcesBuildPhase section */
		04D166E22A4B45A40060D9EF /* Resources */ = {
			isa = PBXResourcesBuildPhase;
			buildActionMask = 2147483647;
			files = (
				04D166EF2A4B45A50060D9EF /* Preview Assets.xcassets in Resources */,
				04D166EC2A4B45A50060D9EF /* Assets.xcassets in Resources */,
			);
			runOnlyForDeploymentPostprocessing = 0;
		};
/* End PBXResourcesBuildPhase section */

/* Begin PBXSourcesBuildPhase section */
		04D166E02A4B45A40060D9EF /* Sources */ = {
			isa = PBXSourcesBuildPhase;
			buildActionMask = 2147483647;
			files = (
				04D166EA2A4B45A40060D9EF /* ContentView.swift in Sources */,
				0409FE222A53676E0080E2A2 /* CustomCircleView.swift in Sources */,
				04D166F72A4B827B0060D9EF /* CardView.swift in Sources */,
				0409FE242A53724F0080E2A2 /* MotionAnimation.swift in Sources */,
				04D166E82A4B45A40060D9EF /* HikeApp.swift in Sources */,
				0409FE272A5392960080E2A2 /* SettingsView.swift in Sources */,
				04D166FE2A4B9F530060D9EF /* CustomButtonView.swift in Sources */,
				0409FE202A530E700080E2A2 /* GradientButtonStyle.swift in Sources */,
				04D166F92A4B85DB0060D9EF /* CustomBackgroundView.swift in Sources */,
				04D166FC2A4B8C810060D9EF /* ColorExtension.swift in Sources */,
			);
			runOnlyForDeploymentPostprocessing = 0;
		};
/* End PBXSourcesBuildPhase section */

/* Begin XCBuildConfiguration section */
		04D166F02A4B45A50060D9EF /* Debug */ = {
			isa = XCBuildConfiguration;
			buildSettings = {
				ALWAYS_SEARCH_USER_PATHS = NO;
				CLANG_ANALYZER_NONNULL = YES;
				CLANG_ANALYZER_NUMBER_OBJECT_CONVERSION = YES_AGGRESSIVE;
				CLANG_CXX_LANGUAGE_STANDARD = "gnu++20";
				CLANG_ENABLE_MODULES = YES;
				CLANG_ENABLE_OBJC_ARC = YES;
				CLANG_ENABLE_OBJC_WEAK = YES;
				CLANG_WARN_BLOCK_CAPTURE_AUTORELEASING = YES;
				CLANG_WARN_BOOL_CONVERSION = YES;
				CLANG_WARN_COMMA = YES;
				CLANG_WARN_CONSTANT_CONVERSION = YES;
				CLANG_WARN_DEPRECATED_OBJC_IMPLEMENTATIONS = YES;
				CLANG_WARN_DIRECT_OBJC_ISA_USAGE = YES_ERROR;
				CLANG_WARN_DOCUMENTATION_COMMENTS = YES;
				CLANG_WARN_EMPTY_BODY = YES;
				CLANG_WARN_ENUM_CONVERSION = YES;
				CLANG_WARN_INFINITE_RECURSION = YES;
				CLANG_WARN_INT_CONVERSION = YES;
				CLANG_WARN_NON_LITERAL_NULL_CONVERSION = YES;
				CLANG_WARN_OBJC_IMPLICIT_RETAIN_SELF = YES;
				CLANG_WARN_OBJC_LITERAL_CONVERSION = YES;
				CLANG_WARN_OBJC_ROOT_CLASS = YES_ERROR;
				CLANG_WARN_QUOTED_INCLUDE_IN_FRAMEWORK_HEADER = YES;
				CLANG_WARN_RANGE_LOOP_ANALYSIS = YES;
				CLANG_WARN_STRICT_PROTOTYPES = YES;
				CLANG_WARN_SUSPICIOUS_MOVE = YES;
				CLANG_WARN_UNGUARDED_AVAILABILITY = YES_AGGRESSIVE;
				CLANG_WARN_UNREACHABLE_CODE = YES;
				CLANG_WARN__DUPLICATE_METHOD_MATCH = YES;
				COPY_PHASE_STRIP = NO;
				DEBUG_INFORMATION_FORMAT = dwarf;
				ENABLE_STRICT_OBJC_MSGSEND = YES;
				ENABLE_TESTABILITY = YES;
				GCC_C_LANGUAGE_STANDARD = gnu11;
				GCC_DYNAMIC_NO_PIC = NO;
				GCC_NO_COMMON_BLOCKS = YES;
				GCC_OPTIMIZATION_LEVEL = 0;
				GCC_PREPROCESSOR_DEFINITIONS = (
					"DEBUG=1",
					"$(inherited)",
				);
				GCC_WARN_64_TO_32_BIT_CONVERSION = YES;
				GCC_WARN_ABOUT_RETURN_TYPE = YES_ERROR;
				GCC_WARN_UNDECLARED_SELECTOR = YES;
				GCC_WARN_UNINITIALIZED_AUTOS = YES_AGGRESSIVE;
				GCC_WARN_UNUSED_FUNCTION = YES;
				GCC_WARN_UNUSED_VARIABLE = YES;
				IPHONEOS_DEPLOYMENT_TARGET = 16.4;
				MTL_ENABLE_DEBUG_INFO = INCLUDE_SOURCE;
				MTL_FAST_MATH = YES;
				ONLY_ACTIVE_ARCH = YES;
				SDKROOT = iphoneos;
				SWIFT_ACTIVE_COMPILATION_CONDITIONS = DEBUG;
				SWIFT_OPTIMIZATION_LEVEL = "-Onone";
			};
			name = Debug;
		};
		04D166F12A4B45A50060D9EF /* Release */ = {
			isa = XCBuildConfiguration;
			buildSettings = {
				ALWAYS_SEARCH_USER_PATHS = NO;
				CLANG_ANALYZER_NONNULL = YES;
				CLANG_ANALYZER_NUMBER_OBJECT_CONVERSION = YES_AGGRESSIVE;
				CLANG_CXX_LANGUAGE_STANDARD = "gnu++20";
				CLANG_ENABLE_MODULES = YES;
				CLANG_ENABLE_OBJC_ARC = YES;
				CLANG_ENABLE_OBJC_WEAK = YES;
				CLANG_WARN_BLOCK_CAPTURE_AUTORELEASING = YES;
				CLANG_WARN_BOOL_CONVERSION = YES;
				CLANG_WARN_COMMA = YES;
				CLANG_WARN_CONSTANT_CONVERSION = YES;
				CLANG_WARN_DEPRECATED_OBJC_IMPLEMENTATIONS = YES;
				CLANG_WARN_DIRECT_OBJC_ISA_USAGE = YES_ERROR;
				CLANG_WARN_DOCUMENTATION_COMMENTS = YES;
				CLANG_WARN_EMPTY_BODY = YES;
				CLANG_WARN_ENUM_CONVERSION = YES;
				CLANG_WARN_INFINITE_RECURSION = YES;
				CLANG_WARN_INT_CONVERSION = YES;
				CLANG_WARN_NON_LITERAL_NULL_CONVERSION = YES;
				CLANG_WARN_OBJC_IMPLICIT_RETAIN_SELF = YES;
				CLANG_WARN_OBJC_LITERAL_CONVERSION = YES;
				CLANG_WARN_OBJC_ROOT_CLASS = YES_ERROR;
				CLANG_WARN_QUOTED_INCLUDE_IN_FRAMEWORK_HEADER = YES;
				CLANG_WARN_RANGE_LOOP_ANALYSIS = YES;
				CLANG_WARN_STRICT_PROTOTYPES = YES;
				CLANG_WARN_SUSPICIOUS_MOVE = YES;
				CLANG_WARN_UNGUARDED_AVAILABILITY = YES_AGGRESSIVE;
				CLANG_WARN_UNREACHABLE_CODE = YES;
				CLANG_WARN__DUPLICATE_METHOD_MATCH = YES;
				COPY_PHASE_STRIP = NO;
				DEBUG_INFORMATION_FORMAT = "dwarf-with-dsym";
				ENABLE_NS_ASSERTIONS = NO;
				ENABLE_STRICT_OBJC_MSGSEND = YES;
				GCC_C_LANGUAGE_STANDARD = gnu11;
				GCC_NO_COMMON_BLOCKS = YES;
				GCC_WARN_64_TO_32_BIT_CONVERSION = YES;
				GCC_WARN_ABOUT_RETURN_TYPE = YES_ERROR;
				GCC_WARN_UNDECLARED_SELECTOR = YES;
				GCC_WARN_UNINITIALIZED_AUTOS = YES_AGGRESSIVE;
				GCC_WARN_UNUSED_FUNCTION = YES;
				GCC_WARN_UNUSED_VARIABLE = YES;
				IPHONEOS_DEPLOYMENT_TARGET = 16.4;
				MTL_ENABLE_DEBUG_INFO = NO;
				MTL_FAST_MATH = YES;
				SDKROOT = iphoneos;
				SWIFT_COMPILATION_MODE = wholemodule;
				SWIFT_OPTIMIZATION_LEVEL = "-O";
				VALIDATE_PRODUCT = YES;
			};
			name = Release;
		};
		04D166F32A4B45A50060D9EF /* Debug */ = {
			isa = XCBuildConfiguration;
			buildSettings = {
				ASSETCATALOG_COMPILER_APPICON_NAME = AppIcon;
				ASSETCATALOG_COMPILER_GLOBAL_ACCENT_COLOR_NAME = AccentColor;
				CODE_SIGN_STYLE = Automatic;
				CURRENT_PROJECT_VERSION = 1;
				DEVELOPMENT_ASSET_PATHS = "\"Hike/Preview Content\"";
				DEVELOPMENT_TEAM = WZSGT99L6W;
				ENABLE_PREVIEWS = YES;
				GENERATE_INFOPLIST_FILE = YES;
				INFOPLIST_KEY_UIApplicationSceneManifest_Generation = YES;
				INFOPLIST_KEY_UIApplicationSupportsIndirectInputEvents = YES;
				INFOPLIST_KEY_UILaunchScreen_Generation = YES;
				INFOPLIST_KEY_UISupportedInterfaceOrientations_iPad = "UIInterfaceOrientationPortrait UIInterfaceOrientationPortraitUpsideDown UIInterfaceOrientationLandscapeLeft UIInterfaceOrientationLandscapeRight";
				INFOPLIST_KEY_UISupportedInterfaceOrientations_iPhone = "UIInterfaceOrientationPortrait UIInterfaceOrientationLandscapeLeft UIInterfaceOrientationLandscapeRight";
				LD_RUNPATH_SEARCH_PATHS = (
					"$(inherited)",
					"@executable_path/Frameworks",
				);
				MARKETING_VERSION = 1.0;
				PRODUCT_BUNDLE_IDENTIFIER = com.jkd.Hike;
				PRODUCT_NAME = "$(TARGET_NAME)";
				SWIFT_EMIT_LOC_STRINGS = YES;
				SWIFT_VERSION = 5.0;
				TARGETED_DEVICE_FAMILY = "1,2";
			};
			name = Debug;
		};
		04D166F42A4B45A50060D9EF /* Release */ = {
			isa = XCBuildConfiguration;
			buildSettings = {
				ASSETCATALOG_COMPILER_APPICON_NAME = AppIcon;
				ASSETCATALOG_COMPILER_GLOBAL_ACCENT_COLOR_NAME = AccentColor;
				CODE_SIGN_STYLE = Automatic;
				CURRENT_PROJECT_VERSION = 1;
				DEVELOPMENT_ASSET_PATHS = "\"Hike/Preview Content\"";
				DEVELOPMENT_TEAM = WZSGT99L6W;
				ENABLE_PREVIEWS = YES;
				GENERATE_INFOPLIST_FILE = YES;
				INFOPLIST_KEY_UIApplicationSceneManifest_Generation = YES;
				INFOPLIST_KEY_UIApplicationSupportsIndirectInputEvents = YES;
				INFOPLIST_KEY_UILaunchScreen_Generation = YES;
				INFOPLIST_KEY_UISupportedInterfaceOrientations_iPad = "UIInterfaceOrientationPortrait UIInterfaceOrientationPortraitUpsideDown UIInterfaceOrientationLandscapeLeft UIInterfaceOrientationLandscapeRight";
				INFOPLIST_KEY_UISupportedInterfaceOrientations_iPhone = "UIInterfaceOrientationPortrait UIInterfaceOrientationLandscapeLeft UIInterfaceOrientationLandscapeRight";
				LD_RUNPATH_SEARCH_PATHS = (
					"$(inherited)",
					"@executable_path/Frameworks",
				);
				MARKETING_VERSION = 1.0;
				PRODUCT_BUNDLE_IDENTIFIER = com.jkd.Hike;
				PRODUCT_NAME = "$(TARGET_NAME)";
				SWIFT_EMIT_LOC_STRINGS = YES;
				SWIFT_VERSION = 5.0;
				TARGETED_DEVICE_FAMILY = "1,2";
			};
			name = Release;
		};
/* End XCBuildConfiguration section */

/* Begin XCConfigurationList section */
		04D166DF2A4B45A40060D9EF /* Build configuration list for PBXProject "Hike" */ = {
			isa = XCConfigurationList;
			buildConfigurations = (
				04D166F02A4B45A50060D9EF /* Debug */,
				04D166F12A4B45A50060D9EF /* Release */,
			);
			defaultConfigurationIsVisible = 0;
			defaultConfigurationName = Release;
		};
		04D166F22A4B45A50060D9EF /* Build configuration list for PBXNativeTarget "Hike" */ = {
			isa = XCConfigurationList;
			buildConfigurations = (
				04D166F32A4B45A50060D9EF /* Debug */,
				04D166F42A4B45A50060D9EF /* Release */,
			);
			defaultConfigurationIsVisible = 0;
			defaultConfigurationName = Release;
		};
/* End XCConfigurationList section */
	};
	rootObject = 04D166DC2A4B45A40060D9EF /* Project object */;
}
